
Microsoft Visual Studio Solution File, Format Version 12.00
# Visual Studio 15
VisualStudioVersion = 15.0.27703.2026
MinimumVisualStudioVersion = 10.0.40219.1
Project("{FAE04EC0-301F-11D3-BF4B-00C04F79EFBC}") = "Witanra.Web", "Witanra.Web\Witanra.Web.csproj", "{3E775F1F-1BDD-4E0E-8BF7-B0F804D118FD}"
EndProject
Global
	GlobalSection(SolutionConfigurationPlatforms) = preSolution
		Debug|Any CPU = Debug|Any CPU
		Release|Any CPU = Release|Any CPU
	EndGlobalSection
	GlobalSection(ProjectConfigurationPlatforms) = postSolution
		{3E775F1F-1BDD-4E0E-8BF7-B0F804D118FD}.Debug|Any CPU.ActiveCfg = Debug|Any CPU
		{3E775F1F-1BDD-4E0E-8BF7-B0F804D118FD}.Debug|Any CPU.Build.0 = Debug|Any CPU
		{3E775F1F-1BDD-4E0E-8BF7-B0F804D118FD}.Release|Any CPU.ActiveCfg = Release|Any CPU
		{3E775F1F-1BDD-4E0E-8BF7-B0F804D118FD}.Release|Any CPU.Build.0 = Release|Any CPU
	EndGlobalSection
	GlobalSection(SolutionProperties) = preSolution
		HideSolutionNode = FALSE
	EndGlobalSection
	GlobalSection(ExtensibilityGlobals) = postSolution
		SolutionGuid = {378A1547-0686-426E-9A94-1EC6D1B06B9E}
	EndGlobalSection
EndGlobal
